
Microsoft Visual Studio Solution File, Format Version 12.00
# Visual Studio Version 16
VisualStudioVersion = 16.0.33328.57
MinimumVisualStudioVersion = 10.0.40219.1
Project("{2150E333-8FDC-42A3-9474-1A3956D46DE8}") = "laslibs", "laslibs", "{6B6E55BD-8F35-4011-8A6E-968F2C35E164}"
EndProject
Project("{8BC9CEB8-8B4A-11D0-8D11-00A0C91BC942}") = "laslib", "LASlib\laslib.vcxproj", "{9BCF8F61-7E42-4864-889F-E45ECFB950DF}"
EndProject
Project("{8BC9CEB8-8B4A-11D0-8D11-00A0C91BC942}") = "lassrclib", "src\lassrclib.vcxproj", "{A8B9E496-9847-423A-9672-F650E5E46828}"
	ProjectSection(ProjectDependencies) = postProject
		{9BCF8F61-7E42-4864-889F-E45ECFB950DF} = {9BCF8F61-7E42-4864-889F-E45ECFB950DF}
	EndProjectSection
EndProject
Project("{8BC9CEB8-8B4A-11D0-8D11-00A0C91BC942}") = "lasziplib", "LASzip\liblaszip.vcxproj", "{28E29AE8-ECC4-4189-A2F4-A72F33D119A2}"
	ProjectSection(ProjectDependencies) = postProject
		{9BCF8F61-7E42-4864-889F-E45ECFB950DF} = {9BCF8F61-7E42-4864-889F-E45ECFB950DF}
		{A8B9E496-9847-423A-9672-F650E5E46828} = {A8B9E496-9847-423A-9672-F650E5E46828}
	EndProjectSection
EndProject
Project("{2150E333-8FDC-42A3-9474-1A3956D46DE8}") = "lasapps", "lasapps", "{76932745-A4AD-4A61-BB14-77E10768A82D}"
EndProject
Project("{2150E333-8FDC-42A3-9474-1A3956D46DE8}") = "open", "open", "{08215030-2FCD-4195-A1C5-B227FC52B67A}"
EndProject
Project("{8BC9CEB8-8B4A-11D0-8D11-00A0C91BC942}") = "las2txt", "src\las2txt.vcxproj", "{72B64C15-FA6F-4715-8A22-EB0DF57B0259}"
	ProjectSection(ProjectDependencies) = postProject
		{9BCF8F61-7E42-4864-889F-E45ECFB950DF} = {9BCF8F61-7E42-4864-889F-E45ECFB950DF}
		{A8B9E496-9847-423A-9672-F650E5E46828} = {A8B9E496-9847-423A-9672-F650E5E46828}
		{28E29AE8-ECC4-4189-A2F4-A72F33D119A2} = {28E29AE8-ECC4-4189-A2F4-A72F33D119A2}
	EndProjectSection
EndProject
Project("{8BC9CEB8-8B4A-11D0-8D11-00A0C91BC942}") = "txt2las", "src\txt2las.vcxproj", "{F7E30FC9-145F-472E-B903-3501D105DF87}"
	ProjectSection(ProjectDependencies) = postProject
		{9BCF8F61-7E42-4864-889F-E45ECFB950DF} = {9BCF8F61-7E42-4864-889F-E45ECFB950DF}
		{A8B9E496-9847-423A-9672-F650E5E46828} = {A8B9E496-9847-423A-9672-F650E5E46828}
		{28E29AE8-ECC4-4189-A2F4-A72F33D119A2} = {28E29AE8-ECC4-4189-A2F4-A72F33D119A2}
	EndProjectSection
EndProject
Project("{8BC9CEB8-8B4A-11D0-8D11-00A0C91BC942}") = "lasprecision", "src\lasprecision.vcxproj", "{956BB71F-8421-44CB-A796-7A7D9CAF19B0}"
	ProjectSection(ProjectDependencies) = postProject
		{9BCF8F61-7E42-4864-889F-E45ECFB950DF} = {9BCF8F61-7E42-4864-889F-E45ECFB950DF}
		{A8B9E496-9847-423A-9672-F650E5E46828} = {A8B9E496-9847-423A-9672-F650E5E46828}
		{28E29AE8-ECC4-4189-A2F4-A72F33D119A2} = {28E29AE8-ECC4-4189-A2F4-A72F33D119A2}
	EndProjectSection
EndProject
Project("{8BC9CEB8-8B4A-11D0-8D11-00A0C91BC942}") = "lasmerge", "src\lasmerge.vcxproj", "{5FADA97F-05B1-4344-885E-237265DE911A}"
	ProjectSection(ProjectDependencies) = postProject
		{9BCF8F61-7E42-4864-889F-E45ECFB950DF} = {9BCF8F61-7E42-4864-889F-E45ECFB950DF}
		{A8B9E496-9847-423A-9672-F650E5E46828} = {A8B9E496-9847-423A-9672-F650E5E46828}
		{28E29AE8-ECC4-4189-A2F4-A72F33D119A2} = {28E29AE8-ECC4-4189-A2F4-A72F33D119A2}
	EndProjectSection
EndProject
Project("{8BC9CEB8-8B4A-11D0-8D11-00A0C91BC942}") = "lasinfo", "src\lasinfo.vcxproj", "{92785166-4DA8-444B-8D0E-683EE42C1907}"
	ProjectSection(ProjectDependencies) = postProject
		{9BCF8F61-7E42-4864-889F-E45ECFB950DF} = {9BCF8F61-7E42-4864-889F-E45ECFB950DF}
		{A8B9E496-9847-423A-9672-F650E5E46828} = {A8B9E496-9847-423A-9672-F650E5E46828}
		{28E29AE8-ECC4-4189-A2F4-A72F33D119A2} = {28E29AE8-ECC4-4189-A2F4-A72F33D119A2}
	EndProjectSection
EndProject
Project("{8BC9CEB8-8B4A-11D0-8D11-00A0C91BC942}") = "lasindex", "src\lasindex.vcxproj", "{985DC1DB-F86C-4AAE-B464-53263DF5F2F1}"
	ProjectSection(ProjectDependencies) = postProject
		{9BCF8F61-7E42-4864-889F-E45ECFB950DF} = {9BCF8F61-7E42-4864-889F-E45ECFB950DF}
		{A8B9E496-9847-423A-9672-F650E5E46828} = {A8B9E496-9847-423A-9672-F650E5E46828}
		{28E29AE8-ECC4-4189-A2F4-A72F33D119A2} = {28E29AE8-ECC4-4189-A2F4-A72F33D119A2}
	EndProjectSection
EndProject
Project("{8BC9CEB8-8B4A-11D0-8D11-00A0C91BC942}") = "lasdiff", "src\lasdiff.vcxproj", "{97515999-EE9C-4CCF-95BC-7C636C637FEB}"
	ProjectSection(ProjectDependencies) = postProject
		{9BCF8F61-7E42-4864-889F-E45ECFB950DF} = {9BCF8F61-7E42-4864-889F-E45ECFB950DF}
		{A8B9E496-9847-423A-9672-F650E5E46828} = {A8B9E496-9847-423A-9672-F650E5E46828}
		{28E29AE8-ECC4-4189-A2F4-A72F33D119A2} = {28E29AE8-ECC4-4189-A2F4-A72F33D119A2}
	EndProjectSection
EndProject
Project("{8BC9CEB8-8B4A-11D0-8D11-00A0C91BC942}") = "laszip", "src\laszip.vcxproj", "{EF6FB162-19E8-4502-88C0-1446A7DE515E}"
	ProjectSection(ProjectDependencies) = postProject
		{9BCF8F61-7E42-4864-889F-E45ECFB950DF} = {9BCF8F61-7E42-4864-889F-E45ECFB950DF}
		{28E29AE8-ECC4-4189-A2F4-A72F33D119A2} = {28E29AE8-ECC4-4189-A2F4-A72F33D119A2}
	EndProjectSection
EndProject
Project("{8BC9CEB8-8B4A-11D0-8D11-00A0C91BC942}") = "las2las", "src\las2las.vcxproj", "{4E368A4F-1C72-469F-BF92-430CB8FD3F64}"
	ProjectSection(ProjectDependencies) = postProject
		{9BCF8F61-7E42-4864-889F-E45ECFB950DF} = {9BCF8F61-7E42-4864-889F-E45ECFB950DF}
		{A8B9E496-9847-423A-9672-F650E5E46828} = {A8B9E496-9847-423A-9672-F650E5E46828}
		{28E29AE8-ECC4-4189-A2F4-A72F33D119A2} = {28E29AE8-ECC4-4189-A2F4-A72F33D119A2}
	EndProjectSection
EndProject
Project("{8BC9CEB8-8B4A-11D0-8D11-00A0C91BC942}") = "lascopcindex", "src\lascopcindex.vcxproj", "{FF85C235-C695-4908-A6F4-016345E39FE0}"
	ProjectSection(ProjectDependencies) = postProject
		{9BCF8F61-7E42-4864-889F-E45ECFB950DF} = {9BCF8F61-7E42-4864-889F-E45ECFB950DF}
		{A8B9E496-9847-423A-9672-F650E5E46828} = {A8B9E496-9847-423A-9672-F650E5E46828}
		{28E29AE8-ECC4-4189-A2F4-A72F33D119A2} = {28E29AE8-ECC4-4189-A2F4-A72F33D119A2}
	EndProjectSection
EndProject
Project("{8BC9CEB8-8B4A-11D0-8D11-00A0C91BC942}") = "laszipdll", "LASzip\laszipdll.vcxproj", "{B202B552-8729-4395-94DA-A219FA7B9CA1}"
	ProjectSection(ProjectDependencies) = postProject
		{9BCF8F61-7E42-4864-889F-E45ECFB950DF} = {9BCF8F61-7E42-4864-889F-E45ECFB950DF}
		{A8B9E496-9847-423A-9672-F650E5E46828} = {A8B9E496-9847-423A-9672-F650E5E46828}
		{28E29AE8-ECC4-4189-A2F4-A72F33D119A2} = {28E29AE8-ECC4-4189-A2F4-A72F33D119A2}
	EndProjectSection
EndProject
Global
	GlobalSection(SolutionConfigurationPlatforms) = preSolution
		Debug|x64 = Debug|x64
		Debug|x86 = Debug|x86
		Release|x64 = Release|x64
		Release|x86 = Release|x86
	EndGlobalSection
	GlobalSection(ProjectConfigurationPlatforms) = postSolution
		{9BCF8F61-7E42-4864-889F-E45ECFB950DF}.Debug|x64.ActiveCfg = Release|x64
		{9BCF8F61-7E42-4864-889F-E45ECFB950DF}.Debug|x64.Build.0 = Release|x64
		{9BCF8F61-7E42-4864-889F-E45ECFB950DF}.Debug|x86.ActiveCfg = Release|x64
		{9BCF8F61-7E42-4864-889F-E45ECFB950DF}.Debug|x86.Build.0 = Release|x64
		{9BCF8F61-7E42-4864-889F-E45ECFB950DF}.Release|x64.ActiveCfg = Release|x64
		{9BCF8F61-7E42-4864-889F-E45ECFB950DF}.Release|x64.Build.0 = Release|x64
		{9BCF8F61-7E42-4864-889F-E45ECFB950DF}.Release|x86.ActiveCfg = Release|x64
		{A8B9E496-9847-423A-9672-F650E5E46828}.Debug|x64.ActiveCfg = Release|x64
		{A8B9E496-9847-423A-9672-F650E5E46828}.Debug|x64.Build.0 = Release|x64
		{A8B9E496-9847-423A-9672-F650E5E46828}.Debug|x86.ActiveCfg = Release|x64
		{A8B9E496-9847-423A-9672-F650E5E46828}.Debug|x86.Build.0 = Release|x64
		{A8B9E496-9847-423A-9672-F650E5E46828}.Release|x64.ActiveCfg = Release|x64
		{A8B9E496-9847-423A-9672-F650E5E46828}.Release|x64.Build.0 = Release|x64
		{A8B9E496-9847-423A-9672-F650E5E46828}.Release|x86.ActiveCfg = Release|x64
		{28E29AE8-ECC4-4189-A2F4-A72F33D119A2}.Debug|x64.ActiveCfg = Release|x64
		{28E29AE8-ECC4-4189-A2F4-A72F33D119A2}.Debug|x64.Build.0 = Release|x64
		{28E29AE8-ECC4-4189-A2F4-A72F33D119A2}.Debug|x86.ActiveCfg = Release|x64
		{28E29AE8-ECC4-4189-A2F4-A72F33D119A2}.Debug|x86.Build.0 = Release|x64
		{28E29AE8-ECC4-4189-A2F4-A72F33D119A2}.Release|x64.ActiveCfg = Release|x64
		{28E29AE8-ECC4-4189-A2F4-A72F33D119A2}.Release|x64.Build.0 = Release|x64
		{28E29AE8-ECC4-4189-A2F4-A72F33D119A2}.Release|x86.ActiveCfg = Release|x64
		{72B64C15-FA6F-4715-8A22-EB0DF57B0259}.Debug|x64.ActiveCfg = Release|x64
		{72B64C15-FA6F-4715-8A22-EB0DF57B0259}.Debug|x64.Build.0 = Release|x64
		{72B64C15-FA6F-4715-8A22-EB0DF57B0259}.Debug|x86.ActiveCfg = Release|x64
		{72B64C15-FA6F-4715-8A22-EB0DF57B0259}.Debug|x86.Build.0 = Release|x64
		{72B64C15-FA6F-4715-8A22-EB0DF57B0259}.Release|x64.ActiveCfg = Release|x64
		{72B64C15-FA6F-4715-8A22-EB0DF57B0259}.Release|x64.Build.0 = Release|x64
		{72B64C15-FA6F-4715-8A22-EB0DF57B0259}.Release|x86.ActiveCfg = Release|x64
		{F7E30FC9-145F-472E-B903-3501D105DF87}.Debug|x64.ActiveCfg = Release|x64
		{F7E30FC9-145F-472E-B903-3501D105DF87}.Debug|x64.Build.0 = Release|x64
		{F7E30FC9-145F-472E-B903-3501D105DF87}.Debug|x86.ActiveCfg = Release|x64
		{F7E30FC9-145F-472E-B903-3501D105DF87}.Debug|x86.Build.0 = Release|x64
		{F7E30FC9-145F-472E-B903-3501D105DF87}.Release|x64.ActiveCfg = Release|x64
		{F7E30FC9-145F-472E-B903-3501D105DF87}.Release|x64.Build.0 = Release|x64
		{F7E30FC9-145F-472E-B903-3501D105DF87}.Release|x86.ActiveCfg = Release|x64
		{956BB71F-8421-44CB-A796-7A7D9CAF19B0}.Debug|x64.ActiveCfg = Release|x64
		{956BB71F-8421-44CB-A796-7A7D9CAF19B0}.Debug|x64.Build.0 = Release|x64
		{956BB71F-8421-44CB-A796-7A7D9CAF19B0}.Debug|x86.ActiveCfg = Release|x64
		{956BB71F-8421-44CB-A796-7A7D9CAF19B0}.Debug|x86.Build.0 = Release|x64
		{956BB71F-8421-44CB-A796-7A7D9CAF19B0}.Release|x64.ActiveCfg = Release|x64
		{956BB71F-8421-44CB-A796-7A7D9CAF19B0}.Release|x64.Build.0 = Release|x64
		{956BB71F-8421-44CB-A796-7A7D9CAF19B0}.Release|x86.ActiveCfg = Release|x64
		{5FADA97F-05B1-4344-885E-237265DE911A}.Debug|x64.ActiveCfg = Release|x64
		{5FADA97F-05B1-4344-885E-237265DE911A}.Debug|x64.Build.0 = Release|x64
		{5FADA97F-05B1-4344-885E-237265DE911A}.Debug|x86.ActiveCfg = Release|x64
		{5FADA97F-05B1-4344-885E-237265DE911A}.Debug|x86.Build.0 = Release|x64
		{5FADA97F-05B1-4344-885E-237265DE911A}.Release|x64.ActiveCfg = Release|x64
		{5FADA97F-05B1-4344-885E-237265DE911A}.Release|x64.Build.0 = Release|x64
		{5FADA97F-05B1-4344-885E-237265DE911A}.Release|x86.ActiveCfg = Release|x64
		{92785166-4DA8-444B-8D0E-683EE42C1907}.Debug|x64.ActiveCfg = Release|x64
		{92785166-4DA8-444B-8D0E-683EE42C1907}.Debug|x64.Build.0 = Release|x64
		{92785166-4DA8-444B-8D0E-683EE42C1907}.Debug|x86.ActiveCfg = Release|x64
		{92785166-4DA8-444B-8D0E-683EE42C1907}.Debug|x86.Build.0 = Release|x64
		{92785166-4DA8-444B-8D0E-683EE42C1907}.Release|x64.ActiveCfg = Release|x64
		{92785166-4DA8-444B-8D0E-683EE42C1907}.Release|x64.Build.0 = Release|x64
		{92785166-4DA8-444B-8D0E-683EE42C1907}.Release|x86.ActiveCfg = Release|x64
		{985DC1DB-F86C-4AAE-B464-53263DF5F2F1}.Debug|x64.ActiveCfg = Release|x64
		{985DC1DB-F86C-4AAE-B464-53263DF5F2F1}.Debug|x64.Build.0 = Release|x64
		{985DC1DB-F86C-4AAE-B464-53263DF5F2F1}.Debug|x86.ActiveCfg = Release|x64
		{985DC1DB-F86C-4AAE-B464-53263DF5F2F1}.Debug|x86.Build.0 = Release|x64
		{985DC1DB-F86C-4AAE-B464-53263DF5F2F1}.Release|x64.ActiveCfg = Release|x64
		{985DC1DB-F86C-4AAE-B464-53263DF5F2F1}.Release|x64.Build.0 = Release|x64
		{985DC1DB-F86C-4AAE-B464-53263DF5F2F1}.Release|x86.ActiveCfg = Release|x64
		{97515999-EE9C-4CCF-95BC-7C636C637FEB}.Debug|x64.ActiveCfg = Release|x64
		{97515999-EE9C-4CCF-95BC-7C636C637FEB}.Debug|x64.Build.0 = Release|x64
		{97515999-EE9C-4CCF-95BC-7C636C637FEB}.Debug|x86.ActiveCfg = Release|x64
		{97515999-EE9C-4CCF-95BC-7C636C637FEB}.Debug|x86.Build.0 = Release|x64
		{97515999-EE9C-4CCF-95BC-7C636C637FEB}.Release|x64.ActiveCfg = Release|x64
		{97515999-EE9C-4CCF-95BC-7C636C637FEB}.Release|x64.Build.0 = Release|x64
		{97515999-EE9C-4CCF-95BC-7C636C637FEB}.Release|x86.ActiveCfg = Release|x64
		{EF6FB162-19E8-4502-88C0-1446A7DE515E}.Debug|x64.ActiveCfg = Release|x64
		{EF6FB162-19E8-4502-88C0-1446A7DE515E}.Debug|x64.Build.0 = Release|x64
		{EF6FB162-19E8-4502-88C0-1446A7DE515E}.Debug|x86.ActiveCfg = Release|x64
		{EF6FB162-19E8-4502-88C0-1446A7DE515E}.Debug|x86.Build.0 = Release|x64
		{EF6FB162-19E8-4502-88C0-1446A7DE515E}.Release|x64.ActiveCfg = Release|x64
		{EF6FB162-19E8-4502-88C0-1446A7DE515E}.Release|x64.Build.0 = Release|x64
		{EF6FB162-19E8-4502-88C0-1446A7DE515E}.Release|x86.ActiveCfg = Release|x64
		{4E368A4F-1C72-469F-BF92-430CB8FD3F64}.Debug|x64.ActiveCfg = Release|x64
		{4E368A4F-1C72-469F-BF92-430CB8FD3F64}.Debug|x64.Build.0 = Release|x64
		{4E368A4F-1C72-469F-BF92-430CB8FD3F64}.Debug|x86.ActiveCfg = Release|x64
		{4E368A4F-1C72-469F-BF92-430CB8FD3F64}.Debug|x86.Build.0 = Release|x64
		{4E368A4F-1C72-469F-BF92-430CB8FD3F64}.Release|x64.ActiveCfg = Release|x64
		{4E368A4F-1C72-469F-BF92-430CB8FD3F64}.Release|x64.Build.0 = Release|x64
		{4E368A4F-1C72-469F-BF92-430CB8FD3F64}.Release|x86.ActiveCfg = Release|x64
		{FF85C235-C695-4908-A6F4-016345E39FE0}.Debug|x64.ActiveCfg = Release|x64
		{FF85C235-C695-4908-A6F4-016345E39FE0}.Debug|x64.Build.0 = Release|x64
		{FF85C235-C695-4908-A6F4-016345E39FE0}.Debug|x86.ActiveCfg = Release|x64
		{FF85C235-C695-4908-A6F4-016345E39FE0}.Debug|x86.Build.0 = Release|x64
		{FF85C235-C695-4908-A6F4-016345E39FE0}.Release|x64.ActiveCfg = Release|x64
		{FF85C235-C695-4908-A6F4-016345E39FE0}.Release|x64.Build.0 = Release|x64
		{FF85C235-C695-4908-A6F4-016345E39FE0}.Release|x86.ActiveCfg = Release|x64
		{B202B552-8729-4395-94DA-A219FA7B9CA1}.Debug|x64.ActiveCfg = Release|x64
		{B202B552-8729-4395-94DA-A219FA7B9CA1}.Debug|x64.Build.0 = Release|x64
		{B202B552-8729-4395-94DA-A219FA7B9CA1}.Debug|x86.ActiveCfg = Release|x64
		{B202B552-8729-4395-94DA-A219FA7B9CA1}.Debug|x86.Build.0 = Release|x64
		{B202B552-8729-4395-94DA-A219FA7B9CA1}.Release|x64.ActiveCfg = Release|x64
		{B202B552-8729-4395-94DA-A219FA7B9CA1}.Release|x64.Build.0 = Release|x64
		{B202B552-8729-4395-94DA-A219FA7B9CA1}.Release|x86.ActiveCfg = Release|x64
	EndGlobalSection
	GlobalSection(SolutionProperties) = preSolution
		HideSolutionNode = FALSE
	EndGlobalSection
	GlobalSection(NestedProjects) = preSolution
		{9BCF8F61-7E42-4864-889F-E45ECFB950DF} = {6B6E55BD-8F35-4011-8A6E-968F2C35E164}
		{A8B9E496-9847-423A-9672-F650E5E46828} = {6B6E55BD-8F35-4011-8A6E-968F2C35E164}
		{28E29AE8-ECC4-4189-A2F4-A72F33D119A2} = {6B6E55BD-8F35-4011-8A6E-968F2C35E164}
		{08215030-2FCD-4195-A1C5-B227FC52B67A} = {76932745-A4AD-4A61-BB14-77E10768A82D}
		{72B64C15-FA6F-4715-8A22-EB0DF57B0259} = {08215030-2FCD-4195-A1C5-B227FC52B67A}
		{F7E30FC9-145F-472E-B903-3501D105DF87} = {08215030-2FCD-4195-A1C5-B227FC52B67A}
		{956BB71F-8421-44CB-A796-7A7D9CAF19B0} = {08215030-2FCD-4195-A1C5-B227FC52B67A}
		{5FADA97F-05B1-4344-885E-237265DE911A} = {08215030-2FCD-4195-A1C5-B227FC52B67A}
		{92785166-4DA8-444B-8D0E-683EE42C1907} = {08215030-2FCD-4195-A1C5-B227FC52B67A}
		{985DC1DB-F86C-4AAE-B464-53263DF5F2F1} = {08215030-2FCD-4195-A1C5-B227FC52B67A}
		{97515999-EE9C-4CCF-95BC-7C636C637FEB} = {08215030-2FCD-4195-A1C5-B227FC52B67A}
		{EF6FB162-19E8-4502-88C0-1446A7DE515E} = {08215030-2FCD-4195-A1C5-B227FC52B67A}
		{4E368A4F-1C72-469F-BF92-430CB8FD3F64} = {08215030-2FCD-4195-A1C5-B227FC52B67A}
		{FF85C235-C695-4908-A6F4-016345E39FE0} = {08215030-2FCD-4195-A1C5-B227FC52B67A}
		{B202B552-8729-4395-94DA-A219FA7B9CA1} = {6B6E55BD-8F35-4011-8A6E-968F2C35E164}
	EndGlobalSection
	GlobalSection(ExtensibilityGlobals) = postSolution
		SolutionGuid = {93667979-6413-4E53-9187-BA3052CD1451}
	EndGlobalSection
EndGlobal
