
Microsoft Visual Studio Solution File, Format Version 12.00
# Visual Studio 2013
VisualStudioVersion = 12.0.30501.0
MinimumVisualStudioVersion = 10.0.40219.1
Project("{8BC9CEB8-8B4A-11D0-8D11-00A0C91BC942}") = "LASlib", "LASlib\LASlib.vcxproj", "{A01DD21A-5A41-487F-BB41-46A72D1ED4E0}"
EndProject
Project("{8BC9CEB8-8B4A-11D0-8D11-00A0C91BC942}") = "las2las", "src\las2las.vcxproj", "{9FD21CD8-110C-4DED-AA6D-5FEEC6D1A4E8}"
EndProject
Project("{8BC9CEB8-8B4A-11D0-8D11-00A0C91BC942}") = "las2txt", "src\las2txt.vcxproj", "{1CDEB3CF-64BD-478C-9650-C4351E6C1F84}"
EndProject
Project("{8BC9CEB8-8B4A-11D0-8D11-00A0C91BC942}") = "lasdiff", "src\lasdiff.vcxproj", "{C97268DD-0121-4895-B0D8-963BBED13992}"
EndProject
Project("{8BC9CEB8-8B4A-11D0-8D11-00A0C91BC942}") = "lasindex", "src\lasindex.vcxproj", "{D4BC0141-2210-4480-B027-0B1202F38A38}"
EndProject
Project("{8BC9CEB8-8B4A-11D0-8D11-00A0C91BC942}") = "lasinfo", "src\lasinfo.vcxproj", "{F9F5080E-0CE6-4C5A-8D49-D842B30EA178}"
EndProject
Project("{8BC9CEB8-8B4A-11D0-8D11-00A0C91BC942}") = "lasmerge", "src\lasmerge.vcxproj", "{C0AC9E05-F835-4E6B-A9CB-913C3682A2FE}"
EndProject
Project("{8BC9CEB8-8B4A-11D0-8D11-00A0C91BC942}") = "lasoptimize", "src\lasoptimize.vcxproj", "{39606832-29D5-4EBA-B807-1B98C143DAF6}"
EndProject
Project("{8BC9CEB8-8B4A-11D0-8D11-00A0C91BC942}") = "lasprecision", "src\lasprecision.vcxproj", "{47FB750E-CEE8-4512-A0AB-DBA9FF489704}"
EndProject
Project("{8BC9CEB8-8B4A-11D0-8D11-00A0C91BC942}") = "laszip", "src\laszip.vcxproj", "{393A0F0E-DA40-41E0-AC5C-7C33787212F5}"
EndProject
Project("{8BC9CEB8-8B4A-11D0-8D11-00A0C91BC942}") = "txt2las", "src\txt2las.vcxproj", "{49D259B8-3FEB-448C-A89A-0D0C7DBF4982}"
EndProject
Global
	GlobalSection(SolutionConfigurationPlatforms) = preSolution
		Debug with GUI|Win32 = Debug with GUI|Win32
		Debug with GUI|x64 = Debug with GUI|x64
		Debug|Win32 = Debug|Win32
		Debug|x64 = Debug|x64
		Release with GUI|Win32 = Release with GUI|Win32
		Release with GUI|x64 = Release with GUI|x64
		Release|Win32 = Release|Win32
		Release|x64 = Release|x64
		Template|Win32 = Template|Win32
		Template|x64 = Template|x64
	EndGlobalSection
	GlobalSection(ProjectConfigurationPlatforms) = postSolution
		{A01DD21A-5A41-487F-BB41-46A72D1ED4E0}.Debug with GUI|Win32.ActiveCfg = Debug|Win32
		{A01DD21A-5A41-487F-BB41-46A72D1ED4E0}.Debug with GUI|Win32.Build.0 = Debug|Win32
		{A01DD21A-5A41-487F-BB41-46A72D1ED4E0}.Debug with GUI|x64.ActiveCfg = Debug|x64
		{A01DD21A-5A41-487F-BB41-46A72D1ED4E0}.Debug with GUI|x64.Build.0 = Debug|x64
		{A01DD21A-5A41-487F-BB41-46A72D1ED4E0}.Debug|Win32.ActiveCfg = Debug|Win32
		{A01DD21A-5A41-487F-BB41-46A72D1ED4E0}.Debug|Win32.Build.0 = Debug|Win32
		{A01DD21A-5A41-487F-BB41-46A72D1ED4E0}.Debug|x64.ActiveCfg = Debug|x64
		{A01DD21A-5A41-487F-BB41-46A72D1ED4E0}.Debug|x64.Build.0 = Debug|x64
		{A01DD21A-5A41-487F-BB41-46A72D1ED4E0}.Release with GUI|Win32.ActiveCfg = Release|Win32
		{A01DD21A-5A41-487F-BB41-46A72D1ED4E0}.Release with GUI|Win32.Build.0 = Release|Win32
		{A01DD21A-5A41-487F-BB41-46A72D1ED4E0}.Release with GUI|x64.ActiveCfg = Release|x64
		{A01DD21A-5A41-487F-BB41-46A72D1ED4E0}.Release with GUI|x64.Build.0 = Release|x64
		{A01DD21A-5A41-487F-BB41-46A72D1ED4E0}.Release|Win32.ActiveCfg = Release|Win32
		{A01DD21A-5A41-487F-BB41-46A72D1ED4E0}.Release|Win32.Build.0 = Release|Win32
		{A01DD21A-5A41-487F-BB41-46A72D1ED4E0}.Release|x64.ActiveCfg = Release|x64
		{A01DD21A-5A41-487F-BB41-46A72D1ED4E0}.Release|x64.Build.0 = Release|x64
		{A01DD21A-5A41-487F-BB41-46A72D1ED4E0}.Template|Win32.ActiveCfg = Release|Win32
		{A01DD21A-5A41-487F-BB41-46A72D1ED4E0}.Template|Win32.Build.0 = Release|Win32
		{A01DD21A-5A41-487F-BB41-46A72D1ED4E0}.Template|x64.ActiveCfg = Release|x64
		{A01DD21A-5A41-487F-BB41-46A72D1ED4E0}.Template|x64.Build.0 = Release|x64
		{9FD21CD8-110C-4DED-AA6D-5FEEC6D1A4E8}.Debug with GUI|Win32.ActiveCfg = Debug with GUI|Win32
		{9FD21CD8-110C-4DED-AA6D-5FEEC6D1A4E8}.Debug with GUI|Win32.Build.0 = Debug with GUI|Win32
		{9FD21CD8-110C-4DED-AA6D-5FEEC6D1A4E8}.Debug with GUI|x64.ActiveCfg = Debug with GUI|x64
		{9FD21CD8-110C-4DED-AA6D-5FEEC6D1A4E8}.Debug with GUI|x64.Build.0 = Debug with GUI|x64
		{9FD21CD8-110C-4DED-AA6D-5FEEC6D1A4E8}.Debug|Win32.ActiveCfg = Debug|Win32
		{9FD21CD8-110C-4DED-AA6D-5FEEC6D1A4E8}.Debug|Win32.Build.0 = Debug|Win32
		{9FD21CD8-110C-4DED-AA6D-5FEEC6D1A4E8}.Debug|x64.ActiveCfg = Debug|x64
		{9FD21CD8-110C-4DED-AA6D-5FEEC6D1A4E8}.Debug|x64.Build.0 = Debug|x64
		{9FD21CD8-110C-4DED-AA6D-5FEEC6D1A4E8}.Release with GUI|Win32.ActiveCfg = Release with GUI|Win32
		{9FD21CD8-110C-4DED-AA6D-5FEEC6D1A4E8}.Release with GUI|Win32.Build.0 = Release with GUI|Win32
		{9FD21CD8-110C-4DED-AA6D-5FEEC6D1A4E8}.Release with GUI|x64.ActiveCfg = Release with GUI|x64
		{9FD21CD8-110C-4DED-AA6D-5FEEC6D1A4E8}.Release with GUI|x64.Build.0 = Release with GUI|x64
		{9FD21CD8-110C-4DED-AA6D-5FEEC6D1A4E8}.Release|Win32.ActiveCfg = Release|Win32
		{9FD21CD8-110C-4DED-AA6D-5FEEC6D1A4E8}.Release|Win32.Build.0 = Release|Win32
		{9FD21CD8-110C-4DED-AA6D-5FEEC6D1A4E8}.Release|x64.ActiveCfg = Release|x64
		{9FD21CD8-110C-4DED-AA6D-5FEEC6D1A4E8}.Release|x64.Build.0 = Release|x64
		{9FD21CD8-110C-4DED-AA6D-5FEEC6D1A4E8}.Template|Win32.ActiveCfg = Template|Win32
		{9FD21CD8-110C-4DED-AA6D-5FEEC6D1A4E8}.Template|Win32.Build.0 = Template|Win32
		{9FD21CD8-110C-4DED-AA6D-5FEEC6D1A4E8}.Template|x64.ActiveCfg = Template|x64
		{9FD21CD8-110C-4DED-AA6D-5FEEC6D1A4E8}.Template|x64.Build.0 = Template|x64
		{1CDEB3CF-64BD-478C-9650-C4351E6C1F84}.Debug with GUI|Win32.ActiveCfg = Debug with GUI|Win32
		{1CDEB3CF-64BD-478C-9650-C4351E6C1F84}.Debug with GUI|Win32.Build.0 = Debug with GUI|Win32
		{1CDEB3CF-64BD-478C-9650-C4351E6C1F84}.Debug with GUI|x64.ActiveCfg = Debug with GUI|x64
		{1CDEB3CF-64BD-478C-9650-C4351E6C1F84}.Debug with GUI|x64.Build.0 = Debug with GUI|x64
		{1CDEB3CF-64BD-478C-9650-C4351E6C1F84}.Debug|Win32.ActiveCfg = Debug|Win32
		{1CDEB3CF-64BD-478C-9650-C4351E6C1F84}.Debug|Win32.Build.0 = Debug|Win32
		{1CDEB3CF-64BD-478C-9650-C4351E6C1F84}.Debug|x64.ActiveCfg = Debug|x64
		{1CDEB3CF-64BD-478C-9650-C4351E6C1F84}.Debug|x64.Build.0 = Debug|x64
		{1CDEB3CF-64BD-478C-9650-C4351E6C1F84}.Release with GUI|Win32.ActiveCfg = Release with GUI|Win32
		{1CDEB3CF-64BD-478C-9650-C4351E6C1F84}.Release with GUI|Win32.Build.0 = Release with GUI|Win32
		{1CDEB3CF-64BD-478C-9650-C4351E6C1F84}.Release with GUI|x64.ActiveCfg = Release with GUI|x64
		{1CDEB3CF-64BD-478C-9650-C4351E6C1F84}.Release with GUI|x64.Build.0 = Release with GUI|x64
		{1CDEB3CF-64BD-478C-9650-C4351E6C1F84}.Release|Win32.ActiveCfg = Release|Win32
		{1CDEB3CF-64BD-478C-9650-C4351E6C1F84}.Release|Win32.Build.0 = Release|Win32
		{1CDEB3CF-64BD-478C-9650-C4351E6C1F84}.Release|x64.ActiveCfg = Release|x64
		{1CDEB3CF-64BD-478C-9650-C4351E6C1F84}.Release|x64.Build.0 = Release|x64
		{1CDEB3CF-64BD-478C-9650-C4351E6C1F84}.Template|Win32.ActiveCfg = Template|Win32
		{1CDEB3CF-64BD-478C-9650-C4351E6C1F84}.Template|Win32.Build.0 = Template|Win32
		{1CDEB3CF-64BD-478C-9650-C4351E6C1F84}.Template|x64.ActiveCfg = Template|x64
		{1CDEB3CF-64BD-478C-9650-C4351E6C1F84}.Template|x64.Build.0 = Template|x64
		{C97268DD-0121-4895-B0D8-963BBED13992}.Debug with GUI|Win32.ActiveCfg = Debug with GUI|Win32
		{C97268DD-0121-4895-B0D8-963BBED13992}.Debug with GUI|Win32.Build.0 = Debug with GUI|Win32
		{C97268DD-0121-4895-B0D8-963BBED13992}.Debug with GUI|x64.ActiveCfg = Debug with GUI|x64
		{C97268DD-0121-4895-B0D8-963BBED13992}.Debug with GUI|x64.Build.0 = Debug with GUI|x64
		{C97268DD-0121-4895-B0D8-963BBED13992}.Debug|Win32.ActiveCfg = Debug|Win32
		{C97268DD-0121-4895-B0D8-963BBED13992}.Debug|Win32.Build.0 = Debug|Win32
		{C97268DD-0121-4895-B0D8-963BBED13992}.Debug|x64.ActiveCfg = Debug|x64
		{C97268DD-0121-4895-B0D8-963BBED13992}.Debug|x64.Build.0 = Debug|x64
		{C97268DD-0121-4895-B0D8-963BBED13992}.Release with GUI|Win32.ActiveCfg = Release with GUI|Win32
		{C97268DD-0121-4895-B0D8-963BBED13992}.Release with GUI|Win32.Build.0 = Release with GUI|Win32
		{C97268DD-0121-4895-B0D8-963BBED13992}.Release with GUI|x64.ActiveCfg = Release with GUI|x64
		{C97268DD-0121-4895-B0D8-963BBED13992}.Release with GUI|x64.Build.0 = Release with GUI|x64
		{C97268DD-0121-4895-B0D8-963BBED13992}.Release|Win32.ActiveCfg = Release|Win32
		{C97268DD-0121-4895-B0D8-963BBED13992}.Release|Win32.Build.0 = Release|Win32
		{C97268DD-0121-4895-B0D8-963BBED13992}.Release|x64.ActiveCfg = Release|x64
		{C97268DD-0121-4895-B0D8-963BBED13992}.Release|x64.Build.0 = Release|x64
		{C97268DD-0121-4895-B0D8-963BBED13992}.Template|Win32.ActiveCfg = Template|Win32
		{C97268DD-0121-4895-B0D8-963BBED13992}.Template|Win32.Build.0 = Template|Win32
		{C97268DD-0121-4895-B0D8-963BBED13992}.Template|x64.ActiveCfg = Template|x64
		{C97268DD-0121-4895-B0D8-963BBED13992}.Template|x64.Build.0 = Template|x64
		{D4BC0141-2210-4480-B027-0B1202F38A38}.Debug with GUI|Win32.ActiveCfg = Debug with GUI|Win32
		{D4BC0141-2210-4480-B027-0B1202F38A38}.Debug with GUI|Win32.Build.0 = Debug with GUI|Win32
		{D4BC0141-2210-4480-B027-0B1202F38A38}.Debug with GUI|x64.ActiveCfg = Debug with GUI|x64
		{D4BC0141-2210-4480-B027-0B1202F38A38}.Debug with GUI|x64.Build.0 = Debug with GUI|x64
		{D4BC0141-2210-4480-B027-0B1202F38A38}.Debug|Win32.ActiveCfg = Debug|Win32
		{D4BC0141-2210-4480-B027-0B1202F38A38}.Debug|Win32.Build.0 = Debug|Win32
		{D4BC0141-2210-4480-B027-0B1202F38A38}.Debug|x64.ActiveCfg = Debug|x64
		{D4BC0141-2210-4480-B027-0B1202F38A38}.Debug|x64.Build.0 = Debug|x64
		{D4BC0141-2210-4480-B027-0B1202F38A38}.Release with GUI|Win32.ActiveCfg = Release with GUI|Win32
		{D4BC0141-2210-4480-B027-0B1202F38A38}.Release with GUI|Win32.Build.0 = Release with GUI|Win32
		{D4BC0141-2210-4480-B027-0B1202F38A38}.Release with GUI|x64.ActiveCfg = Release with GUI|x64
		{D4BC0141-2210-4480-B027-0B1202F38A38}.Release with GUI|x64.Build.0 = Release with GUI|x64
		{D4BC0141-2210-4480-B027-0B1202F38A38}.Release|Win32.ActiveCfg = Release|Win32
		{D4BC0141-2210-4480-B027-0B1202F38A38}.Release|Win32.Build.0 = Release|Win32
		{D4BC0141-2210-4480-B027-0B1202F38A38}.Release|x64.ActiveCfg = Release|x64
		{D4BC0141-2210-4480-B027-0B1202F38A38}.Release|x64.Build.0 = Release|x64
		{D4BC0141-2210-4480-B027-0B1202F38A38}.Template|Win32.ActiveCfg = Template|Win32
		{D4BC0141-2210-4480-B027-0B1202F38A38}.Template|Win32.Build.0 = Template|Win32
		{D4BC0141-2210-4480-B027-0B1202F38A38}.Template|x64.ActiveCfg = Template|x64
		{D4BC0141-2210-4480-B027-0B1202F38A38}.Template|x64.Build.0 = Template|x64
		{F9F5080E-0CE6-4C5A-8D49-D842B30EA178}.Debug with GUI|Win32.ActiveCfg = Debug with GUI|Win32
		{F9F5080E-0CE6-4C5A-8D49-D842B30EA178}.Debug with GUI|Win32.Build.0 = Debug with GUI|Win32
		{F9F5080E-0CE6-4C5A-8D49-D842B30EA178}.Debug with GUI|x64.ActiveCfg = Debug with GUI|x64
		{F9F5080E-0CE6-4C5A-8D49-D842B30EA178}.Debug with GUI|x64.Build.0 = Debug with GUI|x64
		{F9F5080E-0CE6-4C5A-8D49-D842B30EA178}.Debug|Win32.ActiveCfg = Debug|Win32
		{F9F5080E-0CE6-4C5A-8D49-D842B30EA178}.Debug|Win32.Build.0 = Debug|Win32
		{F9F5080E-0CE6-4C5A-8D49-D842B30EA178}.Debug|x64.ActiveCfg = Debug|x64
		{F9F5080E-0CE6-4C5A-8D49-D842B30EA178}.Debug|x64.Build.0 = Debug|x64
		{F9F5080E-0CE6-4C5A-8D49-D842B30EA178}.Release with GUI|Win32.ActiveCfg = Release with GUI|Win32
		{F9F5080E-0CE6-4C5A-8D49-D842B30EA178}.Release with GUI|Win32.Build.0 = Release with GUI|Win32
		{F9F5080E-0CE6-4C5A-8D49-D842B30EA178}.Release with GUI|x64.ActiveCfg = Release with GUI|x64
		{F9F5080E-0CE6-4C5A-8D49-D842B30EA178}.Release with GUI|x64.Build.0 = Release with GUI|x64
		{F9F5080E-0CE6-4C5A-8D49-D842B30EA178}.Release|Win32.ActiveCfg = Release|Win32
		{F9F5080E-0CE6-4C5A-8D49-D842B30EA178}.Release|Win32.Build.0 = Release|Win32
		{F9F5080E-0CE6-4C5A-8D49-D842B30EA178}.Release|x64.ActiveCfg = Release|x64
		{F9F5080E-0CE6-4C5A-8D49-D842B30EA178}.Release|x64.Build.0 = Release|x64
		{F9F5080E-0CE6-4C5A-8D49-D842B30EA178}.Template|Win32.ActiveCfg = Template|Win32
		{F9F5080E-0CE6-4C5A-8D49-D842B30EA178}.Template|Win32.Build.0 = Template|Win32
		{F9F5080E-0CE6-4C5A-8D49-D842B30EA178}.Template|x64.ActiveCfg = Template|x64
		{F9F5080E-0CE6-4C5A-8D49-D842B30EA178}.Template|x64.Build.0 = Template|x64
		{C0AC9E05-F835-4E6B-A9CB-913C3682A2FE}.Debug with GUI|Win32.ActiveCfg = Debug with GUI|Win32
		{C0AC9E05-F835-4E6B-A9CB-913C3682A2FE}.Debug with GUI|Win32.Build.0 = Debug with GUI|Win32
		{C0AC9E05-F835-4E6B-A9CB-913C3682A2FE}.Debug with GUI|x64.ActiveCfg = Debug with GUI|x64
		{C0AC9E05-F835-4E6B-A9CB-913C3682A2FE}.Debug with GUI|x64.Build.0 = Debug with GUI|x64
		{C0AC9E05-F835-4E6B-A9CB-913C3682A2FE}.Debug|Win32.ActiveCfg = Debug|Win32
		{C0AC9E05-F835-4E6B-A9CB-913C3682A2FE}.Debug|Win32.Build.0 = Debug|Win32
		{C0AC9E05-F835-4E6B-A9CB-913C3682A2FE}.Debug|x64.ActiveCfg = Debug|x64
		{C0AC9E05-F835-4E6B-A9CB-913C3682A2FE}.Debug|x64.Build.0 = Debug|x64
		{C0AC9E05-F835-4E6B-A9CB-913C3682A2FE}.Release with GUI|Win32.ActiveCfg = Release with GUI|Win32
		{C0AC9E05-F835-4E6B-A9CB-913C3682A2FE}.Release with GUI|Win32.Build.0 = Release with GUI|Win32
		{C0AC9E05-F835-4E6B-A9CB-913C3682A2FE}.Release with GUI|x64.ActiveCfg = Release with GUI|x64
		{C0AC9E05-F835-4E6B-A9CB-913C3682A2FE}.Release with GUI|x64.Build.0 = Release with GUI|x64
		{C0AC9E05-F835-4E6B-A9CB-913C3682A2FE}.Release|Win32.ActiveCfg = Release|Win32
		{C0AC9E05-F835-4E6B-A9CB-913C3682A2FE}.Release|Win32.Build.0 = Release|Win32
		{C0AC9E05-F835-4E6B-A9CB-913C3682A2FE}.Release|x64.ActiveCfg = Release|x64
		{C0AC9E05-F835-4E6B-A9CB-913C3682A2FE}.Release|x64.Build.0 = Release|x64
		{C0AC9E05-F835-4E6B-A9CB-913C3682A2FE}.Template|Win32.ActiveCfg = Template|Win32
		{C0AC9E05-F835-4E6B-A9CB-913C3682A2FE}.Template|Win32.Build.0 = Template|Win32
		{C0AC9E05-F835-4E6B-A9CB-913C3682A2FE}.Template|x64.ActiveCfg = Template|x64
		{C0AC9E05-F835-4E6B-A9CB-913C3682A2FE}.Template|x64.Build.0 = Template|x64
		{39606832-29D5-4EBA-B807-1B98C143DAF6}.Debug with GUI|Win32.ActiveCfg = Debug with GUI|Win32
		{39606832-29D5-4EBA-B807-1B98C143DAF6}.Debug with GUI|Win32.Build.0 = Debug with GUI|Win32
		{39606832-29D5-4EBA-B807-1B98C143DAF6}.Debug with GUI|x64.ActiveCfg = Debug with GUI|x64
		{39606832-29D5-4EBA-B807-1B98C143DAF6}.Debug with GUI|x64.Build.0 = Debug with GUI|x64
		{39606832-29D5-4EBA-B807-1B98C143DAF6}.Debug|Win32.ActiveCfg = Debug|Win32
		{39606832-29D5-4EBA-B807-1B98C143DAF6}.Debug|Win32.Build.0 = Debug|Win32
		{39606832-29D5-4EBA-B807-1B98C143DAF6}.Debug|x64.ActiveCfg = Debug|x64
		{39606832-29D5-4EBA-B807-1B98C143DAF6}.Debug|x64.Build.0 = Debug|x64
		{39606832-29D5-4EBA-B807-1B98C143DAF6}.Release with GUI|Win32.ActiveCfg = Release with GUI|Win32
		{39606832-29D5-4EBA-B807-1B98C143DAF6}.Release with GUI|Win32.Build.0 = Release with GUI|Win32
		{39606832-29D5-4EBA-B807-1B98C143DAF6}.Release with GUI|x64.ActiveCfg = Release with GUI|x64
		{39606832-29D5-4EBA-B807-1B98C143DAF6}.Release with GUI|x64.Build.0 = Release with GUI|x64
		{39606832-29D5-4EBA-B807-1B98C143DAF6}.Release|Win32.ActiveCfg = Release|Win32
		{39606832-29D5-4EBA-B807-1B98C143DAF6}.Release|Win32.Build.0 = Release|Win32
		{39606832-29D5-4EBA-B807-1B98C143DAF6}.Release|x64.ActiveCfg = Release|x64
		{39606832-29D5-4EBA-B807-1B98C143DAF6}.Release|x64.Build.0 = Release|x64
		{39606832-29D5-4EBA-B807-1B98C143DAF6}.Template|Win32.ActiveCfg = Template|Win32
		{39606832-29D5-4EBA-B807-1B98C143DAF6}.Template|Win32.Build.0 = Template|Win32
		{39606832-29D5-4EBA-B807-1B98C143DAF6}.Template|x64.ActiveCfg = Template|x64
		{39606832-29D5-4EBA-B807-1B98C143DAF6}.Template|x64.Build.0 = Template|x64
		{47FB750E-CEE8-4512-A0AB-DBA9FF489704}.Debug with GUI|Win32.ActiveCfg = Debug with GUI|Win32
		{47FB750E-CEE8-4512-A0AB-DBA9FF489704}.Debug with GUI|Win32.Build.0 = Debug with GUI|Win32
		{47FB750E-CEE8-4512-A0AB-DBA9FF489704}.Debug with GUI|x64.ActiveCfg = Debug with GUI|x64
		{47FB750E-CEE8-4512-A0AB-DBA9FF489704}.Debug with GUI|x64.Build.0 = Debug with GUI|x64
		{47FB750E-CEE8-4512-A0AB-DBA9FF489704}.Debug|Win32.ActiveCfg = Debug|Win32
		{47FB750E-CEE8-4512-A0AB-DBA9FF489704}.Debug|Win32.Build.0 = Debug|Win32
		{47FB750E-CEE8-4512-A0AB-DBA9FF489704}.Debug|x64.ActiveCfg = Debug|x64
		{47FB750E-CEE8-4512-A0AB-DBA9FF489704}.Debug|x64.Build.0 = Debug|x64
		{47FB750E-CEE8-4512-A0AB-DBA9FF489704}.Release with GUI|Win32.ActiveCfg = Release With GUI|Win32
		{47FB750E-CEE8-4512-A0AB-DBA9FF489704}.Release with GUI|Win32.Build.0 = Release With GUI|Win32
		{47FB750E-CEE8-4512-A0AB-DBA9FF489704}.Release with GUI|x64.ActiveCfg = Release With GUI|x64
		{47FB750E-CEE8-4512-A0AB-DBA9FF489704}.Release with GUI|x64.Build.0 = Release With GUI|x64
		{47FB750E-CEE8-4512-A0AB-DBA9FF489704}.Release|Win32.ActiveCfg = Release|Win32
		{47FB750E-CEE8-4512-A0AB-DBA9FF489704}.Release|Win32.Build.0 = Release|Win32
		{47FB750E-CEE8-4512-A0AB-DBA9FF489704}.Release|x64.ActiveCfg = Release|x64
		{47FB750E-CEE8-4512-A0AB-DBA9FF489704}.Release|x64.Build.0 = Release|x64
		{47FB750E-CEE8-4512-A0AB-DBA9FF489704}.Template|Win32.ActiveCfg = Template|Win32
		{47FB750E-CEE8-4512-A0AB-DBA9FF489704}.Template|Win32.Build.0 = Template|Win32
		{47FB750E-CEE8-4512-A0AB-DBA9FF489704}.Template|x64.ActiveCfg = Template|x64
		{47FB750E-CEE8-4512-A0AB-DBA9FF489704}.Template|x64.Build.0 = Template|x64
		{393A0F0E-DA40-41E0-AC5C-7C33787212F5}.Debug with GUI|Win32.ActiveCfg = Debug with GUI|Win32
		{393A0F0E-DA40-41E0-AC5C-7C33787212F5}.Debug with GUI|Win32.Build.0 = Debug with GUI|Win32
		{393A0F0E-DA40-41E0-AC5C-7C33787212F5}.Debug with GUI|x64.ActiveCfg = Debug with GUI|x64
		{393A0F0E-DA40-41E0-AC5C-7C33787212F5}.Debug with GUI|x64.Build.0 = Debug with GUI|x64
		{393A0F0E-DA40-41E0-AC5C-7C33787212F5}.Debug|Win32.ActiveCfg = Debug|Win32
		{393A0F0E-DA40-41E0-AC5C-7C33787212F5}.Debug|Win32.Build.0 = Debug|Win32
		{393A0F0E-DA40-41E0-AC5C-7C33787212F5}.Debug|x64.ActiveCfg = Debug|x64
		{393A0F0E-DA40-41E0-AC5C-7C33787212F5}.Debug|x64.Build.0 = Debug|x64
		{393A0F0E-DA40-41E0-AC5C-7C33787212F5}.Release with GUI|Win32.ActiveCfg = Release with GUI|Win32
		{393A0F0E-DA40-41E0-AC5C-7C33787212F5}.Release with GUI|Win32.Build.0 = Release with GUI|Win32
		{393A0F0E-DA40-41E0-AC5C-7C33787212F5}.Release with GUI|x64.ActiveCfg = Release with GUI|x64
		{393A0F0E-DA40-41E0-AC5C-7C33787212F5}.Release with GUI|x64.Build.0 = Release with GUI|x64
		{393A0F0E-DA40-41E0-AC5C-7C33787212F5}.Release|Win32.ActiveCfg = Release|Win32
		{393A0F0E-DA40-41E0-AC5C-7C33787212F5}.Release|Win32.Build.0 = Release|Win32
		{393A0F0E-DA40-41E0-AC5C-7C33787212F5}.Release|x64.ActiveCfg = Release|x64
		{393A0F0E-DA40-41E0-AC5C-7C33787212F5}.Release|x64.Build.0 = Release|x64
		{393A0F0E-DA40-41E0-AC5C-7C33787212F5}.Template|Win32.ActiveCfg = Template|Win32
		{393A0F0E-DA40-41E0-AC5C-7C33787212F5}.Template|Win32.Build.0 = Template|Win32
		{393A0F0E-DA40-41E0-AC5C-7C33787212F5}.Template|x64.ActiveCfg = Template|x64
		{393A0F0E-DA40-41E0-AC5C-7C33787212F5}.Template|x64.Build.0 = Template|x64
		{49D259B8-3FEB-448C-A89A-0D0C7DBF4982}.Debug with GUI|Win32.ActiveCfg = Debug with GUI|Win32
		{49D259B8-3FEB-448C-A89A-0D0C7DBF4982}.Debug with GUI|Win32.Build.0 = Debug with GUI|Win32
		{49D259B8-3FEB-448C-A89A-0D0C7DBF4982}.Debug with GUI|x64.ActiveCfg = Debug with GUI|x64
		{49D259B8-3FEB-448C-A89A-0D0C7DBF4982}.Debug with GUI|x64.Build.0 = Debug with GUI|x64
		{49D259B8-3FEB-448C-A89A-0D0C7DBF4982}.Debug|Win32.ActiveCfg = Debug|Win32
		{49D259B8-3FEB-448C-A89A-0D0C7DBF4982}.Debug|Win32.Build.0 = Debug|Win32
		{49D259B8-3FEB-448C-A89A-0D0C7DBF4982}.Debug|x64.ActiveCfg = Debug|x64
		{49D259B8-3FEB-448C-A89A-0D0C7DBF4982}.Debug|x64.Build.0 = Debug|x64
		{49D259B8-3FEB-448C-A89A-0D0C7DBF4982}.Release with GUI|Win32.ActiveCfg = Release with GUI|Win32
		{49D259B8-3FEB-448C-A89A-0D0C7DBF4982}.Release with GUI|Win32.Build.0 = Release with GUI|Win32
		{49D259B8-3FEB-448C-A89A-0D0C7DBF4982}.Release with GUI|x64.ActiveCfg = Release with GUI|x64
		{49D259B8-3FEB-448C-A89A-0D0C7DBF4982}.Release with GUI|x64.Build.0 = Release with GUI|x64
		{49D259B8-3FEB-448C-A89A-0D0C7DBF4982}.Release|Win32.ActiveCfg = Release|Win32
		{49D259B8-3FEB-448C-A89A-0D0C7DBF4982}.Release|Win32.Build.0 = Release|Win32
		{49D259B8-3FEB-448C-A89A-0D0C7DBF4982}.Release|x64.ActiveCfg = Release|x64
		{49D259B8-3FEB-448C-A89A-0D0C7DBF4982}.Release|x64.Build.0 = Release|x64
		{49D259B8-3FEB-448C-A89A-0D0C7DBF4982}.Template|Win32.ActiveCfg = Template|Win32
		{49D259B8-3FEB-448C-A89A-0D0C7DBF4982}.Template|Win32.Build.0 = Template|Win32
		{49D259B8-3FEB-448C-A89A-0D0C7DBF4982}.Template|x64.ActiveCfg = Template|x64
		{49D259B8-3FEB-448C-A89A-0D0C7DBF4982}.Template|x64.Build.0 = Template|x64
	EndGlobalSection
	GlobalSection(SolutionProperties) = preSolution
		HideSolutionNode = FALSE
	EndGlobalSection
EndGlobal
