<?xml version="1.0" encoding="utf-8"?>
<Project ToolsVersion="4.0" xmlns="http://schemas.microsoft.com/developer/msbuild/2003">
  <ItemGroup>
    <Filter Include="Source Files">
      <UniqueIdentifier>{13d7ce52-78db-44f9-abd4-72e05edaae53}</UniqueIdentifier>
      <Extensions>cpp;c;cxx;rc;def;r;odl;idl;hpj;bat</Extensions>
    </Filter>
    <Filter Include="Header Files">
      <UniqueIdentifier>{f67a312e-b162-4a34-85de-e7cdf15e55c4}</UniqueIdentifier>
      <Extensions>.h</Extensions>
    </Filter>
  </ItemGroup>
  <ItemGroup>
    <ClCompile Include="..\LASzip\src\arithmeticdecoder.cpp">
      <Filter>Source Files</Filter>
    </ClCompile>
    <ClCompile Include="..\LASzip\src\arithmeticencoder.cpp">
      <Filter>Source Files</Filter>
    </ClCompile>
    <ClCompile Include="..\LASzip\src\arithmeticmodel.cpp">
      <Filter>Source Files</Filter>
    </ClCompile>
    <ClCompile Include="src\fopen_compressed.cpp">
      <Filter>Source Files</Filter>
    </ClCompile>
    <ClCompile Include="..\LASzip\src\integercompressor.cpp">
      <Filter>Source Files</Filter>
    </ClCompile>
    <ClCompile Include="src\lasfilter.cpp">
      <Filter>Source Files</Filter>
    </ClCompile>
    <ClCompile Include="src\lasindex.cpp">
      <Filter>Source Files</Filter>
    </ClCompile>
    <ClCompile Include="src\lasinterval.cpp">
      <Filter>Source Files</Filter>
    </ClCompile>
    <ClCompile Include="src\lasquadtree.cpp">
      <Filter>Source Files</Filter>
    </ClCompile>
    <ClCompile Include="src\lasreader.cpp">
      <Filter>Source Files</Filter>
    </ClCompile>
    <ClCompile Include="src\lasreader_asc.cpp">
      <Filter>Source Files</Filter>
    </ClCompile>
    <ClCompile Include="src\lasreader_bil.cpp">
      <Filter>Source Files</Filter>
    </ClCompile>
    <ClCompile Include="src\lasreader_bin.cpp">
      <Filter>Source Files</Filter>
    </ClCompile>
    <ClCompile Include="src\lasreader_dtm.cpp">
      <Filter>Source Files</Filter>
    </ClCompile>
    <ClCompile Include="src\lasreader_las.cpp">
      <Filter>Source Files</Filter>
    </ClCompile>
    <ClCompile Include="src\lasreader_qfit.cpp">
      <Filter>Source Files</Filter>
    </ClCompile>
    <ClCompile Include="src\lasreader_shp.cpp">
      <Filter>Source Files</Filter>
    </ClCompile>
    <ClCompile Include="src\lasreader_txt.cpp">
      <Filter>Source Files</Filter>
    </ClCompile>
    <ClCompile Include="src\lasreaderbuffered.cpp">
      <Filter>Source Files</Filter>
    </ClCompile>
    <ClCompile Include="src\lasreadermerged.cpp">
      <Filter>Source Files</Filter>
    </ClCompile>
    <ClCompile Include="src\lasreaderpipeon.cpp">
      <Filter>Source Files</Filter>
    </ClCompile>
    <ClCompile Include="..\LASzip\src\lasreaditemcompressed_v1.cpp">
      <Filter>Source Files</Filter>
    </ClCompile>
    <ClCompile Include="..\LASzip\src\lasreaditemcompressed_v2.cpp">
      <Filter>Source Files</Filter>
    </ClCompile>
    <ClCompile Include="..\LASzip\src\lasreadpoint.cpp">
      <Filter>Source Files</Filter>
    </ClCompile>
    <ClCompile Include="src\lasspatial.cpp">
      <Filter>Source Files</Filter>
    </ClCompile>
    <ClCompile Include="src\lastransform.cpp">
      <Filter>Source Files</Filter>
    </ClCompile>
    <ClCompile Include="src\lasutility.cpp">
      <Filter>Source Files</Filter>
    </ClCompile>
    <ClCompile Include="src\laswaveform13reader.cpp">
      <Filter>Source Files</Filter>
    </ClCompile>
    <ClCompile Include="src\laswaveform13writer.cpp">
      <Filter>Source Files</Filter>
    </ClCompile>
    <ClCompile Include="..\LASzip\src\laswriteitemcompressed_v1.cpp">
      <Filter>Source Files</Filter>
    </ClCompile>
    <ClCompile Include="..\LASzip\src\laswriteitemcompressed_v2.cpp">
      <Filter>Source Files</Filter>
    </ClCompile>
    <ClCompile Include="..\LASzip\src\laswritepoint.cpp">
      <Filter>Source Files</Filter>
    </ClCompile>
    <ClCompile Include="src\laswriter.cpp">
      <Filter>Source Files</Filter>
    </ClCompile>
    <ClCompile Include="src\laswriter_bin.cpp">
      <Filter>Source Files</Filter>
    </ClCompile>
    <ClCompile Include="src\laswriter_las.cpp">
      <Filter>Source Files</Filter>
    </ClCompile>
    <ClCompile Include="src\laswriter_qfit.cpp">
      <Filter>Source Files</Filter>
    </ClCompile>
    <ClCompile Include="src\laswriter_txt.cpp">
      <Filter>Source Files</Filter>
    </ClCompile>
    <ClCompile Include="src\laswriter_wrl.cpp">
      <Filter>Source Files</Filter>
    </ClCompile>
    <ClCompile Include="..\LASzip\src\laszip.cpp">
      <Filter>Source Files</Filter>
    </ClCompile>
  </ItemGroup>
  <ItemGroup>
    <ClInclude Include="..\LASzip\src\arithmeticdecoder.hpp">
      <Filter>Header Files</Filter>
    </ClInclude>
    <ClInclude Include="..\LASzip\src\arithmeticencoder.hpp">
      <Filter>Header Files</Filter>
    </ClInclude>
    <ClInclude Include="..\LASzip\src\arithmeticmodel.hpp">
      <Filter>Header Files</Filter>
    </ClInclude>
    <ClInclude Include="..\LASzip\src\bytestreamin.hpp">
      <Filter>Header Files</Filter>
    </ClInclude>
    <ClInclude Include="..\LASzip\src\bytestreamin_file.hpp">
      <Filter>Header Files</Filter>
    </ClInclude>
    <ClInclude Include="..\LASzip\src\bytestreamin_istream.hpp">
      <Filter>Header Files</Filter>
    </ClInclude>
    <ClInclude Include="..\LASzip\src\bytestreamout.hpp">
      <Filter>Header Files</Filter>
    </ClInclude>
    <ClInclude Include="..\LASzip\src\bytestreamout_file.hpp">
      <Filter>Header Files</Filter>
    </ClInclude>
    <ClInclude Include="..\LASzip\src\bytestreamout_nil.hpp">
      <Filter>Header Files</Filter>
    </ClInclude>
    <ClInclude Include="..\LASzip\src\bytestreamout_ostream.hpp">
      <Filter>Header Files</Filter>
    </ClInclude>
    <ClInclude Include="..\LASzip\src\integercompressor.hpp">
      <Filter>Header Files</Filter>
    </ClInclude>
    <ClInclude Include="inc\lasdefinitions.hpp">
      <Filter>Header Files</Filter>
    </ClInclude>
    <ClInclude Include="inc\lasfilter.hpp">
      <Filter>Header Files</Filter>
    </ClInclude>
    <ClInclude Include="inc\lasindex.hpp">
      <Filter>Header Files</Filter>
    </ClInclude>
    <ClInclude Include="inc\lasinterval.hpp">
      <Filter>Header Files</Filter>
    </ClInclude>
    <ClInclude Include="inc\lasquadtree.hpp">
      <Filter>Header Files</Filter>
    </ClInclude>
    <ClInclude Include="inc\lasreader.hpp">
      <Filter>Header Files</Filter>
    </ClInclude>
    <ClInclude Include="inc\lasreader_asc.hpp">
      <Filter>Header Files</Filter>
    </ClInclude>
    <ClInclude Include="inc\lasreader_bil.hpp">
      <Filter>Header Files</Filter>
    </ClInclude>
    <ClInclude Include="inc\lasreader_bin.hpp">
      <Filter>Header Files</Filter>
    </ClInclude>
    <ClInclude Include="inc\lasreader_dtm.hpp">
      <Filter>Header Files</Filter>
    </ClInclude>
    <ClInclude Include="inc\lasreader_las.hpp">
      <Filter>Header Files</Filter>
    </ClInclude>
    <ClInclude Include="inc\lasreader_qfit.hpp">
      <Filter>Header Files</Filter>
    </ClInclude>
    <ClInclude Include="inc\lasreader_shp.hpp">
      <Filter>Header Files</Filter>
    </ClInclude>
    <ClInclude Include="inc\lasreader_txt.hpp">
      <Filter>Header Files</Filter>
    </ClInclude>
    <ClInclude Include="inc\lasreaderbuffered.hpp">
      <Filter>Header Files</Filter>
    </ClInclude>
    <ClInclude Include="inc\lasreadermerged.hpp">
      <Filter>Header Files</Filter>
    </ClInclude>
    <ClInclude Include="inc\lasreaderpipeon.hpp">
      <Filter>Header Files</Filter>
    </ClInclude>
    <ClInclude Include="..\LASzip\src\lasreaditem.hpp">
      <Filter>Header Files</Filter>
    </ClInclude>
    <ClInclude Include="..\LASzip\src\lasreaditemcompressed_v1.hpp">
      <Filter>Header Files</Filter>
    </ClInclude>
    <ClInclude Include="..\LASzip\src\lasreaditemcompressed_v2.hpp">
      <Filter>Header Files</Filter>
    </ClInclude>
    <ClInclude Include="..\LASzip\src\lasreaditemraw.hpp">
      <Filter>Header Files</Filter>
    </ClInclude>
    <ClInclude Include="..\LASzip\src\lasreadpoint.hpp">
      <Filter>Header Files</Filter>
    </ClInclude>
    <ClInclude Include="inc\lasspatial.hpp">
      <Filter>Header Files</Filter>
    </ClInclude>
    <ClInclude Include="inc\lastransform.hpp">
      <Filter>Header Files</Filter>
    </ClInclude>
    <ClInclude Include="inc\lasutility.hpp">
      <Filter>Header Files</Filter>
    </ClInclude>
    <ClInclude Include="inc\laswaveform13reader.hpp">
      <Filter>Header Files</Filter>
    </ClInclude>
    <ClInclude Include="inc\laswaveform13writer.hpp">
      <Filter>Header Files</Filter>
    </ClInclude>
    <ClInclude Include="..\LASzip\src\laswriteitem.hpp">
      <Filter>Header Files</Filter>
    </ClInclude>
    <ClInclude Include="..\LASzip\src\laswriteitemcompressed_v1.hpp">
      <Filter>Header Files</Filter>
    </ClInclude>
    <ClInclude Include="..\LASzip\src\laswriteitemcompressed_v2.hpp">
      <Filter>Header Files</Filter>
    </ClInclude>
    <ClInclude Include="..\LASzip\src\laswriteitemraw.hpp">
      <Filter>Header Files</Filter>
    </ClInclude>
    <ClInclude Include="..\LASzip\src\laswritepoint.hpp">
      <Filter>Header Files</Filter>
    </ClInclude>
    <ClInclude Include="inc\laswriter.hpp">
      <Filter>Header Files</Filter>
    </ClInclude>
    <ClInclude Include="inc\laswriter_bin.hpp">
      <Filter>Header Files</Filter>
    </ClInclude>
    <ClInclude Include="inc\laswriter_las.hpp">
      <Filter>Header Files</Filter>
    </ClInclude>
    <ClInclude Include="inc\laswriter_qfit.hpp">
      <Filter>Header Files</Filter>
    </ClInclude>
    <ClInclude Include="inc\laswriter_txt.hpp">
      <Filter>Header Files</Filter>
    </ClInclude>
    <ClInclude Include="inc\laswriter_wrl.hpp">
      <Filter>Header Files</Filter>
    </ClInclude>
    <ClInclude Include="..\LASzip\src\laszip.hpp">
      <Filter>Header Files</Filter>
    </ClInclude>
    <ClInclude Include="..\LASzip\src\laszip_common_v1.hpp">
      <Filter>Header Files</Filter>
    </ClInclude>
    <ClInclude Include="..\LASzip\src\laszip_common_v2.hpp">
      <Filter>Header Files</Filter>
    </ClInclude>
    <ClInclude Include="..\LASzip\src\mydefs.hpp">
      <Filter>Header Files</Filter>
    </ClInclude>
  </ItemGroup>
</Project>