<?xml version="1.0" encoding="utf-8"?>
<Project ToolsVersion="4.0" xmlns="http://schemas.microsoft.com/developer/msbuild/2003">
  <ItemGroup>
    <Filter Include="Source Files">
      <UniqueIdentifier>{23169bae-87b7-4286-aadc-27b413bfb076}</UniqueIdentifier>
      <Extensions>cpp;c;cxx;rc;def;r;odl;idl;hpj;bat</Extensions>
    </Filter>
    <Filter Include="Header Files">
      <UniqueIdentifier>{0baf985b-8675-4fc3-9c30-edb3d6493368}</UniqueIdentifier>
      <Extensions>h;hpp;hxx;hm;inl</Extensions>
    </Filter>
    <Filter Include="Resource Files">
      <UniqueIdentifier>{28900554-e4f8-404c-8da1-1ca67bc6d0b8}</UniqueIdentifier>
      <Extensions>ico;cur;bmp;dlg;rc2;rct;bin;rgs;gif;jpg;jpeg;jpe</Extensions>
    </Filter>
  </ItemGroup>
  <ItemGroup>
    <ClCompile Include="geoprojectionconverter.cpp">
      <Filter>Source Files</Filter>
    </ClCompile>
    <ClCompile Include="las2txt.cpp">
      <Filter>Source Files</Filter>
    </ClCompile>
    <ClCompile Include="..\src_full\las2txt_gui.cpp">
      <Filter>Source Files</Filter>
    </ClCompile>
    <ClCompile Include="..\src_full\las2txt_multi_core.cpp">
      <Filter>Source Files</Filter>
    </ClCompile>
    <ClCompile Include="..\src_full\laslicense.cpp">
      <Filter>Source Files</Filter>
    </ClCompile>
    <ClCompile Include="..\src_full\lasoccupancy.cpp">
      <Filter>Source Files</Filter>
    </ClCompile>
    <ClCompile Include="..\src_full\lastools_gui.cpp">
      <Filter>Source Files</Filter>
    </ClCompile>
    <ClCompile Include="..\src_full\lastools_multi_core.cpp">
      <Filter>Source Files</Filter>
    </ClCompile>
    <ClCompile Include="..\src_full\shpreader.cpp">
      <Filter>Source Files</Filter>
    </ClCompile>
  </ItemGroup>
  <ItemGroup>
    <ClInclude Include="..\laslib\inc\lasdefinitions.hpp">
      <Filter>Header Files</Filter>
    </ClInclude>
    <ClInclude Include="..\laslib\inc\lasfilter.hpp">
      <Filter>Header Files</Filter>
    </ClInclude>
    <ClInclude Include="..\laslib\inc\lasreader.hpp">
      <Filter>Header Files</Filter>
    </ClInclude>
    <ClInclude Include="..\laslib\inc\lastransform.hpp">
      <Filter>Header Files</Filter>
    </ClInclude>
    <ClInclude Include="..\laslib\inc\laswaveform13reader.hpp">
      <Filter>Header Files</Filter>
    </ClInclude>
    <ClInclude Include="..\laslib\inc\laszip.hpp">
      <Filter>Header Files</Filter>
    </ClInclude>
    <ClInclude Include="..\laslib\inc\mydefs.hpp">
      <Filter>Header Files</Filter>
    </ClInclude>
  </ItemGroup>
  <ItemGroup>
    <Image Include="..\src_full\icon1.ico">
      <Filter>Resource Files</Filter>
    </Image>
  </ItemGroup>
  <ItemGroup>
    <ResourceCompile Include="..\src_full\lastool.rc">
      <Filter>Resource Files</Filter>
    </ResourceCompile>
  </ItemGroup>
</Project>